# THIS IS AN AUTOGENERATED FILE. DO NOT EDIT THIS FILE DIRECTLY.
# yarn lockfile v1


swagger-ui-dist@>=4.11.0:
  version "4.13.2"
  resolved "https://registry.yarnpkg.com/swagger-ui-dist/-/swagger-ui-dist-4.13.2.tgz#fb814efd51bf06aa8630c0a0af6e3caa48ac6552"
  integrity sha512-jHL6UyIYpvEI7NsuWd0R3hJaPQTg6Oo4qSBo+oVfOEkv6rrQm/475RGSMmZgV6ajp+Sgrp9CqrDjQYAgQqiv1A==

swagger-ui-express@^4.5.0:
  version "4.5.0"
  resolved "https://registry.yarnpkg.com/swagger-ui-express/-/swagger-ui-express-4.5.0.tgz#feb1314627092eb9c7e6b65ee018927011445530"
  integrity sha512-DHk3zFvsxrkcnurGvQlAcLuTDacAVN1JHKDgcba/gr2NFRE4HGwP1YeHIXMiGznkWR4AeS7X5vEblNn4QljuNA==
  dependencies:
    swagger-ui-dist ">=4.11.0"
